
Microsoft Visual Studio Solution File, Format Version 12.00
# Visual Studio Version 17
VisualStudioVersion = 17.14.36408.4 d17.14
MinimumVisualStudioVersion = 10.0.40219.1
Project("{FAE04EC0-301F-11D3-BF4B-00C04F79EFBC}") = "PWT.AdoDotNet.Homework", "PWTAdoDotNetHomework.ConsoleApp\PWT.AdoDotNet.Homework.csproj", "{13381FEF-9B2E-407C-843B-A21AEBA54D82}"
EndProject
Global
	GlobalSection(SolutionConfigurationPlatforms) = preSolution
		Debug|Any CPU = Debug|Any CPU
		Release|Any CPU = Release|Any CPU
	EndGlobalSection
	GlobalSection(ProjectConfigurationPlatforms) = postSolution
		{13381FEF-9B2E-407C-843B-A21AEBA54D82}.Debug|Any CPU.ActiveCfg = Debug|Any CPU
		{13381FEF-9B2E-407C-843B-A21AEBA54D82}.Debug|Any CPU.Build.0 = Debug|Any CPU
		{13381FEF-9B2E-407C-843B-A21AEBA54D82}.Release|Any CPU.ActiveCfg = Release|Any CPU
		{13381FEF-9B2E-407C-843B-A21AEBA54D82}.Release|Any CPU.Build.0 = Release|Any CPU
	EndGlobalSection
	GlobalSection(SolutionProperties) = preSolution
		HideSolutionNode = FALSE
	EndGlobalSection
	GlobalSection(ExtensibilityGlobals) = postSolution
		SolutionGuid = {A61D6DBA-41C8-443D-A66A-8C2D08184258}
	EndGlobalSection
EndGlobal
